dependencies:
- name: backend
  repository: file://charts/backend
  version: 0.1.0
- name: frontend
  repository: file://charts/frontend
  version: 0.1.0
- name: postgresql
  repository: https://charts.bitnami.com/bitnami
  version: 18.1.15
digest: sha256:2859cc420667297a35e68cd458750659a3263a0c650b64365d13329dc8f66b4d
generated: "2025-12-23T16:55:50.829211+11:00"
